// !$*UTF8*$!
{
	archiveVersion = 1;
	classes = {
	};
	objectVersion = 55;
	objects = {

/* Begin PBXBuildFile section */
		063ACF60273B0537005C7F9C /* Tests_iOS.swift in Sources */ = {isa = PBXBuildFile; fileRef = 063ACF5F273B0537005C7F9C /* Tests_iOS.swift */; };
		063ACF62273B0537005C7F9C /* Tests_iOSLaunchTests.swift in Sources */ = {isa = PBXBuildFile; fileRef = 063ACF61273B0537005C7F9C /* Tests_iOSLaunchTests.swift */; };
		063ACF6C273B0537005C7F9C /* Tests_macOS.swift in Sources */ = {isa = PBXBuildFile; fileRef = 063ACF6B273B0537005C7F9C /* Tests_macOS.swift */; };
		063ACF6E273B0537005C7F9C /* Tests_macOSLaunchTests.swift in Sources */ = {isa = PBXBuildFile; fileRef = 063ACF6D273B0537005C7F9C /* Tests_macOSLaunchTests.swift */; };
		063ACF6F273B0537005C7F9C /* DLATimeLoggerApp.swift in Sources */ = {isa = PBXBuildFile; fileRef = 063ACF47273B0534005C7F9C /* DLATimeLoggerApp.swift */; };
		063ACF70273B0537005C7F9C /* DLATimeLoggerApp.swift in Sources */ = {isa = PBXBuildFile; fileRef = 063ACF47273B0534005C7F9C /* DLATimeLoggerApp.swift */; };
		063ACF71273B0537005C7F9C /* ContentView.swift in Sources */ = {isa = PBXBuildFile; fileRef = 063ACF48273B0534005C7F9C /* ContentView.swift */; };
		063ACF72273B0537005C7F9C /* ContentView.swift in Sources */ = {isa = PBXBuildFile; fileRef = 063ACF48273B0534005C7F9C /* ContentView.swift */; };
		063ACF73273B0537005C7F9C /* Assets.xcassets in Resources */ = {isa = PBXBuildFile; fileRef = 063ACF49273B0537005C7F9C /* Assets.xcassets */; };
		063ACF74273B0537005C7F9C /* Assets.xcassets in Resources */ = {isa = PBXBuildFile; fileRef = 063ACF49273B0537005C7F9C /* Assets.xcassets */; };
/* End PBXBuildFile section */

/* Begin PBXContainerItemProxy section */
		063ACF5C273B0537005C7F9C /* PBXContainerItemProxy */ = {
			isa = PBXContainerItemProxy;
			containerPortal = 063ACF42273B0534005C7F9C /* Project object */;
			proxyType = 1;
			remoteGlobalIDString = 063ACF4D273B0537005C7F9C;
			remoteInfo = "DLATimeLogger (iOS)";
		};
		063ACF68273B0537005C7F9C /* PBXContainerItemProxy */ = {
			isa = PBXContainerItemProxy;
			containerPortal = 063ACF42273B0534005C7F9C /* Project object */;
			proxyType = 1;
			remoteGlobalIDString = 063ACF53273B0537005C7F9C;
			remoteInfo = "DLATimeLogger (macOS)";
		};
/* End PBXContainerItemProxy section */

/* Begin PBXFileReference section */
		063ACF47273B0534005C7F9C /* DLATimeLoggerApp.swift */ = {isa = PBXFileReference; lastKnownFileType = sourcecode.swift; path = DLATimeLoggerApp.swift; sourceTree = "<group>"; };
		063ACF48273B0534005C7F9C /* ContentView.swift */ = {isa = PBXFileReference; lastKnownFileType = sourcecode.swift; path = ContentView.swift; sourceTree = "<group>"; };
		063ACF49273B0537005C7F9C /* Assets.xcassets */ = {isa = PBXFileReference; lastKnownFileType = folder.assetcatalog; path = Assets.xcassets; sourceTree = "<group>"; };
		063ACF4E273B0537005C7F9C /* DLATimeLogger.app */ = {isa = PBXFileReference; explicitFileType = wrapper.application; includeInIndex = 0; path = DLATimeLogger.app; sourceTree = BUILT_PRODUCTS_DIR; };
		063ACF54273B0537005C7F9C /* DLATimeLogger.app */ = {isa = PBXFileReference; explicitFileType = wrapper.application; includeInIndex = 0; path = DLATimeLogger.app; sourceTree = BUILT_PRODUCTS_DIR; };
		063ACF56273B0537005C7F9C /* macOS.entitlements */ = {isa = PBXFileReference; lastKnownFileType = text.plist.entitlements; path = macOS.entitlements; sourceTree = "<group>"; };
		063ACF5B273B0537005C7F9C /* Tests iOS.xctest */ = {isa = PBXFileReference; explicitFileType = wrapper.cfbundle; includeInIndex = 0; path = "Tests iOS.xctest"; sourceTree = BUILT_PRODUCTS_DIR; };
		063ACF5F273B0537005C7F9C /* Tests_iOS.swift */ = {isa = PBXFileReference; lastKnownFileType = sourcecode.swift; path = Tests_iOS.swift; sourceTree = "<group>"; };
		063ACF61273B0537005C7F9C /* Tests_iOSLaunchTests.swift */ = {isa = PBXFileReference; lastKnownFileType = sourcecode.swift; path = Tests_iOSLaunchTests.swift; sourceTree = "<group>"; };
		063ACF67273B0537005C7F9C /* Tests macOS.xctest */ = {isa = PBXFileReference; explicitFileType = wrapper.cfbundle; includeInIndex = 0; path = "Tests macOS.xctest"; sourceTree = BUILT_PRODUCTS_DIR; };
		063ACF6B273B0537005C7F9C /* Tests_macOS.swift */ = {isa = PBXFileReference; lastKnownFileType = sourcecode.swift; path = Tests_macOS.swift; sourceTree = "<group>"; };
		063ACF6D273B0537005C7F9C /* Tests_macOSLaunchTests.swift */ = {isa = PBXFileReference; lastKnownFileType = sourcecode.swift; path = Tests_macOSLaunchTests.swift; sourceTree = "<group>"; };
/* End PBXFileReference section */

/* Begin PBXFrameworksBuildPhase section */
		063ACF4B273B0537005C7F9C /* Frameworks */ = {
			isa = PBXFrameworksBuildPhase;
			buildActionMask = 2147483647;
			files = (
			);
			runOnlyForDeploymentPostprocessing = 0;
		};
		063ACF51273B0537005C7F9C /* Frameworks */ = {
			isa = PBXFrameworksBuildPhase;
			buildActionMask = 2147483647;
			files = (
			);
			runOnlyForDeploymentPostprocessing = 0;
		};
		063ACF58273B0537005C7F9C /* Frameworks */ = {
			isa = PBXFrameworksBuildPhase;
			buildActionMask = 2147483647;
			files = (
			);
			runOnlyForDeploymentPostprocessing = 0;
		};
		063ACF64273B0537005C7F9C /* Frameworks */ = {
			isa = PBXFrameworksBuildPhase;
			buildActionMask = 2147483647;
			files = (
			);
			runOnlyForDeploymentPostprocessing = 0;
		};
/* End PBXFrameworksBuildPhase section */

/* Begin PBXGroup section */
		063ACF41273B0534005C7F9C = {
			isa = PBXGroup;
			children = (
				063ACF46273B0534005C7F9C /* Shared */,
				063ACF55273B0537005C7F9C /* macOS */,
				063ACF5E273B0537005C7F9C /* Tests iOS */,
				063ACF6A273B0537005C7F9C /* Tests macOS */,
				063ACF4F273B0537005C7F9C /* Products */,
			);
			sourceTree = "<group>";
		};
		063ACF46273B0534005C7F9C /* Shared */ = {
			isa = PBXGroup;
			children = (
				0687142C273B0B5100619480 /* Models */,
				0687142B273B0B4900619480 /* Views */,
				063ACF47273B0534005C7F9C /* DLATimeLoggerApp.swift */,
				063ACF48273B0534005C7F9C /* ContentView.swift */,
				063ACF49273B0537005C7F9C /* Assets.xcassets */,
			);
			path = Shared;
			sourceTree = "<group>";
		};
		063ACF4F273B0537005C7F9C /* Products */ = {
			isa = PBXGroup;
			children = (
				063ACF4E273B0537005C7F9C /* DLATimeLogger.app */,
				063ACF54273B0537005C7F9C /* DLATimeLogger.app */,
				063ACF5B273B0537005C7F9C /* Tests iOS.xctest */,
				063ACF67273B0537005C7F9C /* Tests macOS.xctest */,
			);
			name = Products;
			sourceTree = "<group>";
		};
		063ACF55273B0537005C7F9C /* macOS */ = {
			isa = PBXGroup;
			children = (
				063ACF56273B0537005C7F9C /* macOS.entitlements */,
			);
			path = macOS;
			sourceTree = "<group>";
		};
		063ACF5E273B0537005C7F9C /* Tests iOS */ = {
			isa = PBXGroup;
			children = (
				063ACF5F273B0537005C7F9C /* Tests_iOS.swift */,
				063ACF61273B0537005C7F9C /* Tests_iOSLaunchTests.swift */,
			);
			path = "Tests iOS";
			sourceTree = "<group>";
		};
		063ACF6A273B0537005C7F9C /* Tests macOS */ = {
			isa = PBXGroup;
			children = (
				063ACF6B273B0537005C7F9C /* Tests_macOS.swift */,
				063ACF6D273B0537005C7F9C /* Tests_macOSLaunchTests.swift */,
			);
			path = "Tests macOS";
			sourceTree = "<group>";
		};
		0687142B273B0B4900619480 /* Views */ = {
			isa = PBXGroup;
			children = (
			);
			path = Views;
			sourceTree = "<group>";
		};
		0687142C273B0B5100619480 /* Models */ = {
			isa = PBXGroup;
			children = (
			);
			path = Models;
			sourceTree = "<group>";
		};
/* End PBXGroup section */

/* Begin PBXNativeTarget section */
		063ACF4D273B0537005C7F9C /* DLATimeLogger (iOS) */ = {
			isa = PBXNativeTarget;
			buildConfigurationList = 063ACF77273B0537005C7F9C /* Build configuration list for PBXNativeTarget "DLATimeLogger (iOS)" */;
			buildPhases = (
				063ACF4A273B0537005C7F9C /* Sources */,
				063ACF4B273B0537005C7F9C /* Frameworks */,
				063ACF4C273B0537005C7F9C /* Resources */,
			);
			buildRules = (
			);
			dependencies = (
			);
			name = "DLATimeLogger (iOS)";
			productName = "DLATimeLogger (iOS)";
			productReference = 063ACF4E273B0537005C7F9C /* DLATimeLogger.app */;
			productType = "com.apple.product-type.application";
		};
		063ACF53273B0537005C7F9C /* DLATimeLogger (macOS) */ = {
			isa = PBXNativeTarget;
			buildConfigurationList = 063ACF7A273B0537005C7F9C /* Build configuration list for PBXNativeTarget "DLATimeLogger (macOS)" */;
			buildPhases = (
				063ACF50273B0537005C7F9C /* Sources */,
				063ACF51273B0537005C7F9C /* Frameworks */,
				063ACF52273B0537005C7F9C /* Resources */,
			);
			buildRules = (
			);
			dependencies = (
			);
			name = "DLATimeLogger (macOS)";
			productName = "DLATimeLogger (macOS)";
			productReference = 063ACF54273B0537005C7F9C /* DLATimeLogger.app */;
			productType = "com.apple.product-type.application";
		};
		063ACF5A273B0537005C7F9C /* Tests iOS */ = {
			isa = PBXNativeTarget;
			buildConfigurationList = 063ACF7D273B0537005C7F9C /* Build configuration list for PBXNativeTarget "Tests iOS" */;
			buildPhases = (
				063ACF57273B0537005C7F9C /* Sources */,
				063ACF58273B0537005C7F9C /* Frameworks */,
				063ACF59273B0537005C7F9C /* Resources */,
			);
			buildRules = (
			);
			dependencies = (
				063ACF5D273B0537005C7F9C /* PBXTargetDependency */,
			);
			name = "Tests iOS";
			productName = "Tests iOS";
			productReference = 063ACF5B273B0537005C7F9C /* Tests iOS.xctest */;
			productType = "com.apple.product-type.bundle.ui-testing";
		};
		063ACF66273B0537005C7F9C /* Tests macOS */ = {
			isa = PBXNativeTarget;
			buildConfigurationList = 063ACF80273B0537005C7F9C /* Build configuration list for PBXNativeTarget "Tests macOS" */;
			buildPhases = (
				063ACF63273B0537005C7F9C /* Sources */,
				063ACF64273B0537005C7F9C /* Frameworks */,
				063ACF65273B0537005C7F9C /* Resources */,
			);
			buildRules = (
			);
			dependencies = (
				063ACF69273B0537005C7F9C /* PBXTargetDependency */,
			);
			name = "Tests macOS";
			productName = "Tests macOS";
			productReference = 063ACF67273B0537005C7F9C /* Tests macOS.xctest */;
			productType = "com.apple.product-type.bundle.ui-testing";
		};
/* End PBXNativeTarget section */

/* Begin PBXProject section */
		063ACF42273B0534005C7F9C /* Project object */ = {
			isa = PBXProject;
			attributes = {
				BuildIndependentTargetsInParallel = 1;
				LastSwiftUpdateCheck = 1310;
				LastUpgradeCheck = 1310;
				TargetAttributes = {
					063ACF4D273B0537005C7F9C = {
						CreatedOnToolsVersion = 13.1;
					};
					063ACF53273B0537005C7F9C = {
						CreatedOnToolsVersion = 13.1;
					};
					063ACF5A273B0537005C7F9C = {
						CreatedOnToolsVersion = 13.1;
						TestTargetID = 063ACF4D273B0537005C7F9C;
					};
					063ACF66273B0537005C7F9C = {
						CreatedOnToolsVersion = 13.1;
						TestTargetID = 063ACF53273B0537005C7F9C;
					};
				};
			};
			buildConfigurationList = 063ACF45273B0534005C7F9C /* Build configuration list for PBXProject "DLATimeLogger" */;
			compatibilityVersion = "Xcode 13.0";
			developmentRegion = en;
			hasScannedForEncodings = 0;
			knownRegions = (
				en,
				Base,
			);
			mainGroup = 063ACF41273B0534005C7F9C;
			productRefGroup = 063ACF4F273B0537005C7F9C /* Products */;
			projectDirPath = "";
			projectRoot = "";
			targets = (
				063ACF4D273B0537005C7F9C /* DLATimeLogger (iOS) */,
				063ACF53273B0537005C7F9C /* DLATimeLogger (macOS) */,
				063ACF5A273B0537005C7F9C /* Tests iOS */,
				063ACF66273B0537005C7F9C /* Tests macOS */,
			);
		};
/* End PBXProject section */

/* Begin PBXResourcesBuildPhase section */
		063ACF4C273B0537005C7F9C /* Resources */ = {
			isa = PBXResourcesBuildPhase;
			buildActionMask = 2147483647;
			files = (
				063ACF73273B0537005C7F9C /* Assets.xcassets in Resources */,
			);
			runOnlyForDeploymentPostprocessing = 0;
		};
		063ACF52273B0537005C7F9C /* Resources */ = {
			isa = PBXResourcesBuildPhase;
			buildActionMask = 2147483647;
			files = (
				063ACF74273B0537005C7F9C /* Assets.xcassets in Resources */,
			);
			runOnlyForDeploymentPostprocessing = 0;
		};
		063ACF59273B0537005C7F9C /* Resources */ = {
			isa = PBXResourcesBuildPhase;
			buildActionMask = 2147483647;
			files = (
			);
			runOnlyForDeploymentPostprocessing = 0;
		};
		063ACF65273B0537005C7F9C /* Resources */ = {
			isa = PBXResourcesBuildPhase;
			buildActionMask = 2147483647;
			files = (
			);
			runOnlyForDeploymentPostprocessing = 0;
		};
/* End PBXResourcesBuildPhase section */

/* Begin PBXSourcesBuildPhase section */
		063ACF4A273B0537005C7F9C /* Sources */ = {
			isa = PBXSourcesBuildPhase;
			buildActionMask = 2147483647;
			files = (
				063ACF71273B0537005C7F9C /* ContentView.swift in Sources */,
				063ACF6F273B0537005C7F9C /* DLATimeLoggerApp.swift in Sources */,
			);
			runOnlyForDeploymentPostprocessing = 0;
		};
		063ACF50273B0537005C7F9C /* Sources */ = {
			isa = PBXSourcesBuildPhase;
			buildActionMask = 2147483647;
			files = (
				063ACF72273B0537005C7F9C /* ContentView.swift in Sources */,
				063ACF70273B0537005C7F9C /* DLATimeLoggerApp.swift in Sources */,
			);
			runOnlyForDeploymentPostprocessing = 0;
		};
		063ACF57273B0537005C7F9C /* Sources */ = {
			isa = PBXSourcesBuildPhase;
			buildActionMask = 2147483647;
			files = (
				063ACF62273B0537005C7F9C /* Tests_iOSLaunchTests.swift in Sources */,
				063ACF60273B0537005C7F9C /* Tests_iOS.swift in Sources */,
			);
			runOnlyForDeploymentPostprocessing = 0;
		};
		063ACF63273B0537005C7F9C /* Sources */ = {
			isa = PBXSourcesBuildPhase;
			buildActionMask = 2147483647;
			files = (
				063ACF6E273B0537005C7F9C /* Tests_macOSLaunchTests.swift in Sources */,
				063ACF6C273B0537005C7F9C /* Tests_macOS.swift in Sources */,
			);
			runOnlyForDeploymentPostprocessing = 0;
		};
/* End PBXSourcesBuildPhase section */

/* Begin PBXTargetDependency section */
		063ACF5D273B0537005C7F9C /* PBXTargetDependency */ = {
			isa = PBXTargetDependency;
			target = 063ACF4D273B0537005C7F9C /* DLATimeLogger (iOS) */;
			targetProxy = 063ACF5C273B0537005C7F9C /* PBXContainerItemProxy */;
		};
		063ACF69273B0537005C7F9C /* PBXTargetDependency */ = {
			isa = PBXTargetDependency;
			target = 063ACF53273B0537005C7F9C /* DLATimeLogger (macOS) */;
			targetProxy = 063ACF68273B0537005C7F9C /* PBXContainerItemProxy */;
		};
/* End PBXTargetDependency section */

/* Begin XCBuildConfiguration section */
		063ACF75273B0537005C7F9C /* Debug */ = {
			isa = XCBuildConfiguration;
			buildSettings = {
				ALWAYS_SEARCH_USER_PATHS = NO;
				CLANG_ANALYZER_NONNULL = YES;
				CLANG_ANALYZER_NUMBER_OBJECT_CONVERSION = YES_AGGRESSIVE;
				CLANG_CXX_LANGUAGE_STANDARD = "gnu++17";
				CLANG_CXX_LIBRARY = "libc++";
				CLANG_ENABLE_MODULES = YES;
				CLANG_ENABLE_OBJC_ARC = YES;
				CLANG_ENABLE_OBJC_WEAK = YES;
				CLANG_WARN_BLOCK_CAPTURE_AUTORELEASING = YES;
				CLANG_WARN_BOOL_CONVERSION = YES;
				CLANG_WARN_COMMA = YES;
				CLANG_WARN_CONSTANT_CONVERSION = YES;
				CLANG_WARN_DEPRECATED_OBJC_IMPLEMENTATIONS = YES;
				CLANG_WARN_DIRECT_OBJC_ISA_USAGE = YES_ERROR;
				CLANG_WARN_DOCUMENTATION_COMMENTS = YES;
				CLANG_WARN_EMPTY_BODY = YES;
				CLANG_WARN_ENUM_CONVERSION = YES;
				CLANG_WARN_INFINITE_RECURSION = YES;
				CLANG_WARN_INT_CONVERSION = YES;
				CLANG_WARN_NON_LITERAL_NULL_CONVERSION = YES;
				CLANG_WARN_OBJC_IMPLICIT_RETAIN_SELF = YES;
				CLANG_WARN_OBJC_LITERAL_CONVERSION = YES;
				CLANG_WARN_OBJC_ROOT_CLASS = YES_ERROR;
				CLANG_WARN_QUOTED_INCLUDE_IN_FRAMEWORK_HEADER = YES;
				CLANG_WARN_RANGE_LOOP_ANALYSIS = YES;
				CLANG_WARN_STRICT_PROTOTYPES = YES;
				CLANG_WARN_SUSPICIOUS_MOVE = YES;
				CLANG_WARN_UNGUARDED_AVAILABILITY = YES_AGGRESSIVE;
				CLANG_WARN_UNREACHABLE_CODE = YES;
				CLANG_WARN__DUPLICATE_METHOD_MATCH = YES;
				COPY_PHASE_STRIP = NO;
				DEBUG_INFORMATION_FORMAT = dwarf;
				ENABLE_STRICT_OBJC_MSGSEND = YES;
				ENABLE_TESTABILITY = YES;
				GCC_C_LANGUAGE_STANDARD = gnu11;
				GCC_DYNAMIC_NO_PIC = NO;
				GCC_NO_COMMON_BLOCKS = YES;
				GCC_OPTIMIZATION_LEVEL = 0;
				GCC_PREPROCESSOR_DEFINITIONS = (
					"DEBUG=1",
					"$(inherited)",
				);
				GCC_WARN_64_TO_32_BIT_CONVERSION = YES;
				GCC_WARN_ABOUT_RETURN_TYPE = YES_ERROR;
				GCC_WARN_UNDECLARED_SELECTOR = YES;
				GCC_WARN_UNINITIALIZED_AUTOS = YES_AGGRESSIVE;
				GCC_WARN_UNUSED_FUNCTION = YES;
				GCC_WARN_UNUSED_VARIABLE = YES;
				MTL_ENABLE_DEBUG_INFO = INCLUDE_SOURCE;
				MTL_FAST_MATH = YES;
				ONLY_ACTIVE_ARCH = YES;
				SWIFT_ACTIVE_COMPILATION_CONDITIONS = DEBUG;
				SWIFT_OPTIMIZATION_LEVEL = "-Onone";
			};
			name = Debug;
		};
		063ACF76273B0537005C7F9C /* Release */ = {
			isa = XCBuildConfiguration;
			buildSettings = {
				ALWAYS_SEARCH_USER_PATHS = NO;
				CLANG_ANALYZER_NONNULL = YES;
				CLANG_ANALYZER_NUMBER_OBJECT_CONVERSION = YES_AGGRESSIVE;
				CLANG_CXX_LANGUAGE_STANDARD = "gnu++17";
				CLANG_CXX_LIBRARY = "libc++";
				CLANG_ENABLE_MODULES = YES;
				CLANG_ENABLE_OBJC_ARC = YES;
				CLANG_ENABLE_OBJC_WEAK = YES;
				CLANG_WARN_BLOCK_CAPTURE_AUTORELEASING = YES;
				CLANG_WARN_BOOL_CONVERSION = YES;
				CLANG_WARN_COMMA = YES;
				CLANG_WARN_CONSTANT_CONVERSION = YES;
				CLANG_WARN_DEPRECATED_OBJC_IMPLEMENTATIONS = YES;
				CLANG_WARN_DIRECT_OBJC_ISA_USAGE = YES_ERROR;
				CLANG_WARN_DOCUMENTATION_COMMENTS = YES;
				CLANG_WARN_EMPTY_BODY = YES;
				CLANG_WARN_ENUM_CONVERSION = YES;
				CLANG_WARN_INFINITE_RECURSION = YES;
				CLANG_WARN_INT_CONVERSION = YES;
				CLANG_WARN_NON_LITERAL_NULL_CONVERSION = YES;
				CLANG_WARN_OBJC_IMPLICIT_RETAIN_SELF = YES;
				CLANG_WARN_OBJC_LITERAL_CONVERSION = YES;
				CLANG_WARN_OBJC_ROOT_CLASS = YES_ERROR;
				CLANG_WARN_QUOTED_INCLUDE_IN_FRAMEWORK_HEADER = YES;
				CLANG_WARN_RANGE_LOOP_ANALYSIS = YES;
				CLANG_WARN_STRICT_PROTOTYPES = YES;
				CLANG_WARN_SUSPICIOUS_MOVE = YES;
				CLANG_WARN_UNGUARDED_AVAILABILITY = YES_AGGRESSIVE;
				CLANG_WARN_UNREACHABLE_CODE = YES;
				CLANG_WARN__DUPLICATE_METHOD_MATCH = YES;
				COPY_PHASE_STRIP = NO;
				DEBUG_INFORMATION_FORMAT = "dwarf-with-dsym";
				ENABLE_NS_ASSERTIONS = NO;
				ENABLE_STRICT_OBJC_MSGSEND = YES;
				GCC_C_LANGUAGE_STANDARD = gnu11;
				GCC_NO_COMMON_BLOCKS = YES;
				GCC_WARN_64_TO_32_BIT_CONVERSION = YES;
				GCC_WARN_ABOUT_RETURN_TYPE = YES_ERROR;
				GCC_WARN_UNDECLARED_SELECTOR = YES;
				GCC_WARN_UNINITIALIZED_AUTOS = YES_AGGRESSIVE;
				GCC_WARN_UNUSED_FUNCTION = YES;
				GCC_WARN_UNUSED_VARIABLE = YES;
				MTL_ENABLE_DEBUG_INFO = NO;
				MTL_FAST_MATH = YES;
				SWIFT_COMPILATION_MODE = wholemodule;
				SWIFT_OPTIMIZATION_LEVEL = "-O";
			};
			name = Release;
		};
		063ACF78273B0537005C7F9C /* Debug */ = {
			isa = XCBuildConfiguration;
			buildSettings = {
				ASSETCATALOG_COMPILER_APPICON_NAME = AppIcon;
				ASSETCATALOG_COMPILER_GLOBAL_ACCENT_COLOR_NAME = AccentColor;
				CODE_SIGN_STYLE = Automatic;
				CURRENT_PROJECT_VERSION = 1;
				DEVELOPMENT_TEAM = WA3KPNE52J;
				ENABLE_PREVIEWS = YES;
				GENERATE_INFOPLIST_FILE = YES;
				INFOPLIST_KEY_UIApplicationSceneManifest_Generation = YES;
				INFOPLIST_KEY_UIApplicationSupportsIndirectInputEvents = YES;
				INFOPLIST_KEY_UILaunchScreen_Generation = YES;
				INFOPLIST_KEY_UISupportedInterfaceOrientations_iPad = "UIInterfaceOrientationPortrait UIInterfaceOrientationPortraitUpsideDown UIInterfaceOrientationLandscapeLeft UIInterfaceOrientationLandscapeRight";
				INFOPLIST_KEY_UISupportedInterfaceOrientations_iPhone = "UIInterfaceOrientationPortrait UIInterfaceOrientationLandscapeLeft UIInterfaceOrientationLandscapeRight";
				IPHONEOS_DEPLOYMENT_TARGET = 15.0;
				LD_RUNPATH_SEARCH_PATHS = (
					"$(inherited)",
					"@executable_path/Frameworks",
				);
				MARKETING_VERSION = 1.0;
				PRODUCT_BUNDLE_IDENTIFIER = com.fbreidenbach.DLATimeLogger;
				PRODUCT_NAME = DLATimeLogger;
				SDKROOT = iphoneos;
				SWIFT_EMIT_LOC_STRINGS = YES;
				SWIFT_VERSION = 5.0;
				TARGETED_DEVICE_FAMILY = "1,2";
			};
			name = Debug;
		};
		063ACF79273B0537005C7F9C /* Release */ = {
			isa = XCBuildConfiguration;
			buildSettings = {
				ASSETCATALOG_COMPILER_APPICON_NAME = AppIcon;
				ASSETCATALOG_COMPILER_GLOBAL_ACCENT_COLOR_NAME = AccentColor;
				CODE_SIGN_STYLE = Automatic;
				CURRENT_PROJECT_VERSION = 1;
				DEVELOPMENT_TEAM = WA3KPNE52J;
				ENABLE_PREVIEWS = YES;
				GENERATE_INFOPLIST_FILE = YES;
				INFOPLIST_KEY_UIApplicationSceneManifest_Generation = YES;
				INFOPLIST_KEY_UIApplicationSupportsIndirectInputEvents = YES;
				INFOPLIST_KEY_UILaunchScreen_Generation = YES;
				INFOPLIST_KEY_UISupportedInterfaceOrientations_iPad = "UIInterfaceOrientationPortrait UIInterfaceOrientationPortraitUpsideDown UIInterfaceOrientationLandscapeLeft UIInterfaceOrientationLandscapeRight";
				INFOPLIST_KEY_UISupportedInterfaceOrientations_iPhone = "UIInterfaceOrientationPortrait UIInterfaceOrientationLandscapeLeft UIInterfaceOrientationLandscapeRight";
				IPHONEOS_DEPLOYMENT_TARGET = 15.0;
				LD_RUNPATH_SEARCH_PATHS = (
					"$(inherited)",
					"@executable_path/Frameworks",
				);
				MARKETING_VERSION = 1.0;
				PRODUCT_BUNDLE_IDENTIFIER = com.fbreidenbach.DLATimeLogger;
				PRODUCT_NAME = DLATimeLogger;
				SDKROOT = iphoneos;
				SWIFT_EMIT_LOC_STRINGS = YES;
				SWIFT_VERSION = 5.0;
				TARGETED_DEVICE_FAMILY = "1,2";
				VALIDATE_PRODUCT = YES;
			};
			name = Release;
		};
		063ACF7B273B0537005C7F9C /* Debug */ = {
			isa = XCBuildConfiguration;
			buildSettings = {
				ASSETCATALOG_COMPILER_APPICON_NAME = AppIcon;
				ASSETCATALOG_COMPILER_GLOBAL_ACCENT_COLOR_NAME = AccentColor;
				CODE_SIGN_ENTITLEMENTS = macOS/macOS.entitlements;
				CODE_SIGN_STYLE = Automatic;
				COMBINE_HIDPI_IMAGES = YES;
				CURRENT_PROJECT_VERSION = 1;
				DEVELOPMENT_TEAM = WA3KPNE52J;
				ENABLE_HARDENED_RUNTIME = YES;
				ENABLE_PREVIEWS = YES;
				GENERATE_INFOPLIST_FILE = YES;
				INFOPLIST_KEY_NSHumanReadableCopyright = "";
				LD_RUNPATH_SEARCH_PATHS = (
					"$(inherited)",
					"@executable_path/../Frameworks",
				);
				MACOSX_DEPLOYMENT_TARGET = 12.0;
				MARKETING_VERSION = 1.0;
				PRODUCT_BUNDLE_IDENTIFIER = com.fbreidenbach.DLATimeLogger;
				PRODUCT_NAME = DLATimeLogger;
				SDKROOT = macosx;
				SWIFT_EMIT_LOC_STRINGS = YES;
				SWIFT_VERSION = 5.0;
			};
			name = Debug;
		};
		063ACF7C273B0537005C7F9C /* Release */ = {
			isa = XCBuildConfiguration;
			buildSettings = {
				ASSETCATALOG_COMPILER_APPICON_NAME = AppIcon;
				ASSETCATALOG_COMPILER_GLOBAL_ACCENT_COLOR_NAME = AccentColor;
				CODE_SIGN_ENTITLEMENTS = macOS/macOS.entitlements;
				CODE_SIGN_STYLE = Automatic;
				COMBINE_HIDPI_IMAGES = YES;
				CURRENT_PROJECT_VERSION = 1;
				DEVELOPMENT_TEAM = WA3KPNE52J;
				ENABLE_HARDENED_RUNTIME = YES;
				ENABLE_PREVIEWS = YES;
				GENERATE_INFOPLIST_FILE = YES;
				INFOPLIST_KEY_NSHumanReadableCopyright = "";
				LD_RUNPATH_SEARCH_PATHS = (
					"$(inherited)",
					"@executable_path/../Frameworks",
				);
				MACOSX_DEPLOYMENT_TARGET = 12.0;
				MARKETING_VERSION = 1.0;
				PRODUCT_BUNDLE_IDENTIFIER = com.fbreidenbach.DLATimeLogger;
				PRODUCT_NAME = DLATimeLogger;
				SDKROOT = macosx;
				SWIFT_EMIT_LOC_STRINGS = YES;
				SWIFT_VERSION = 5.0;
			};
			name = Release;
		};
		063ACF7E273B0537005C7F9C /* Debug */ = {
			isa = XCBuildConfiguration;
			buildSettings = {
				ALWAYS_EMBED_SWIFT_STANDARD_LIBRARIES = YES;
				CODE_SIGN_STYLE = Automatic;
				CURRENT_PROJECT_VERSION = 1;
				DEVELOPMENT_TEAM = WA3KPNE52J;
				GENERATE_INFOPLIST_FILE = YES;
				IPHONEOS_DEPLOYMENT_TARGET = 15.0;
				LD_RUNPATH_SEARCH_PATHS = (
					"$(inherited)",
					"@executable_path/Frameworks",
					"@loader_path/Frameworks",
				);
				MARKETING_VERSION = 1.0;
				PRODUCT_BUNDLE_IDENTIFIER = "com.fbreidenbach.Tests-iOS";
				PRODUCT_NAME = "$(TARGET_NAME)";
				SDKROOT = iphoneos;
				SWIFT_EMIT_LOC_STRINGS = NO;
				SWIFT_VERSION = 5.0;
				TARGETED_DEVICE_FAMILY = "1,2";
				TEST_TARGET_NAME = "DLATimeLogger (iOS)";
			};
			name = Debug;
		};
		063ACF7F273B0537005C7F9C /* Release */ = {
			isa = XCBuildConfiguration;
			buildSettings = {
				ALWAYS_EMBED_SWIFT_STANDARD_LIBRARIES = YES;
				CODE_SIGN_STYLE = Automatic;
				CURRENT_PROJECT_VERSION = 1;
				DEVELOPMENT_TEAM = WA3KPNE52J;
				GENERATE_INFOPLIST_FILE = YES;
				IPHONEOS_DEPLOYMENT_TARGET = 15.0;
				LD_RUNPATH_SEARCH_PATHS = (
					"$(inherited)",
					"@executable_path/Frameworks",
					"@loader_path/Frameworks",
				);
				MARKETING_VERSION = 1.0;
				PRODUCT_BUNDLE_IDENTIFIER = "com.fbreidenbach.Tests-iOS";
				PRODUCT_NAME = "$(TARGET_NAME)";
				SDKROOT = iphoneos;
				SWIFT_EMIT_LOC_STRINGS = NO;
				SWIFT_VERSION = 5.0;
				TARGETED_DEVICE_FAMILY = "1,2";
				TEST_TARGET_NAME = "DLATimeLogger (iOS)";
				VALIDATE_PRODUCT = YES;
			};
			name = Release;
		};
		063ACF81273B0537005C7F9C /* Debug */ = {
			isa = XCBuildConfiguration;
			buildSettings = {
				ALWAYS_EMBED_SWIFT_STANDARD_LIBRARIES = YES;
				CODE_SIGN_STYLE = Automatic;
				COMBINE_HIDPI_IMAGES = YES;
				CURRENT_PROJECT_VERSION = 1;
				DEVELOPMENT_TEAM = WA3KPNE52J;
				GENERATE_INFOPLIST_FILE = YES;
				LD_RUNPATH_SEARCH_PATHS = (
					"$(inherited)",
					"@executable_path/../Frameworks",
					"@loader_path/../Frameworks",
				);
				MACOSX_DEPLOYMENT_TARGET = 12.0;
				MARKETING_VERSION = 1.0;
				PRODUCT_BUNDLE_IDENTIFIER = "com.fbreidenbach.Tests-macOS";
				PRODUCT_NAME = "$(TARGET_NAME)";
				SDKROOT = macosx;
				SWIFT_EMIT_LOC_STRINGS = NO;
				SWIFT_VERSION = 5.0;
				TEST_TARGET_NAME = "DLATimeLogger (macOS)";
			};
			name = Debug;
		};
		063ACF82273B0537005C7F9C /* Release */ = {
			isa = XCBuildConfiguration;
			buildSettings = {
				ALWAYS_EMBED_SWIFT_STANDARD_LIBRARIES = YES;
				CODE_SIGN_STYLE = Automatic;
				COMBINE_HIDPI_IMAGES = YES;
				CURRENT_PROJECT_VERSION = 1;
				DEVELOPMENT_TEAM = WA3KPNE52J;
				GENERATE_INFOPLIST_FILE = YES;
				LD_RUNPATH_SEARCH_PATHS = (
					"$(inherited)",
					"@executable_path/../Frameworks",
					"@loader_path/../Frameworks",
				);
				MACOSX_DEPLOYMENT_TARGET = 12.0;
				MARKETING_VERSION = 1.0;
				PRODUCT_BUNDLE_IDENTIFIER = "com.fbreidenbach.Tests-macOS";
				PRODUCT_NAME = "$(TARGET_NAME)";
				SDKROOT = macosx;
				SWIFT_EMIT_LOC_STRINGS = NO;
				SWIFT_VERSION = 5.0;
				TEST_TARGET_NAME = "DLATimeLogger (macOS)";
			};
			name = Release;
		};
/* End XCBuildConfiguration section */

/* Begin XCConfigurationList section */
		063ACF45273B0534005C7F9C /* Build configuration list for PBXProject "DLATimeLogger" */ = {
			isa = XCConfigurationList;
			buildConfigurations = (
				063ACF75273B0537005C7F9C /* Debug */,
				063ACF76273B0537005C7F9C /* Release */,
			);
			defaultConfigurationIsVisible = 0;
			defaultConfigurationName = Release;
		};
		063ACF77273B0537005C7F9C /* Build configuration list for PBXNativeTarget "DLATimeLogger (iOS)" */ = {
			isa = XCConfigurationList;
			buildConfigurations = (
				063ACF78273B0537005C7F9C /* Debug */,
				063ACF79273B0537005C7F9C /* Release */,
			);
			defaultConfigurationIsVisible = 0;
			defaultConfigurationName = Release;
		};
		063ACF7A273B0537005C7F9C /* Build configuration list for PBXNativeTarget "DLATimeLogger (macOS)" */ = {
			isa = XCConfigurationList;
			buildConfigurations = (
				063ACF7B273B0537005C7F9C /* Debug */,
				063ACF7C273B0537005C7F9C /* Release */,
			);
			defaultConfigurationIsVisible = 0;
			defaultConfigurationName = Release;
		};
		063ACF7D273B0537005C7F9C /* Build configuration list for PBXNativeTarget "Tests iOS" */ = {
			isa = XCConfigurationList;
			buildConfigurations = (
				063ACF7E273B0537005C7F9C /* Debug */,
				063ACF7F273B0537005C7F9C /* Release */,
			);
			defaultConfigurationIsVisible = 0;
			defaultConfigurationName = Release;
		};
		063ACF80273B0537005C7F9C /* Build configuration list for PBXNativeTarget "Tests macOS" */ = {
			isa = XCConfigurationList;
			buildConfigurations = (
				063ACF81273B0537005C7F9C /* Debug */,
				063ACF82273B0537005C7F9C /* Release */,
			);
			defaultConfigurationIsVisible = 0;
			defaultConfigurationName = Release;
		};
/* End XCConfigurationList section */
	};
	rootObject = 063ACF42273B0534005C7F9C /* Project object */;
}
